
Microsoft Visual Studio Solution File, Format Version 12.00
# Visual Studio Version 17
VisualStudioVersion = 17.1.32228.430
MinimumVisualStudioVersion = 10.0.40219.1
Project("{9A19103F-16F7-4668-BE54-9A1E7A4F7556}") = "Client.Business", "Client.Business\Client.Business.csproj", "{C577A6C6-89E0-4A0D-9982-16C53D392427}"
EndProject
Project("{9A19103F-16F7-4668-BE54-9A1E7A4F7556}") = "Client.Manager", "Client.Manager\Client.Manager.csproj", "{5BBF0198-4035-4777-BFDA-048B295D75D0}"
EndProject
Project("{9A19103F-16F7-4668-BE54-9A1E7A4F7556}") = "Client.Market", "Client.Market\Client.Market.csproj", "{6FC54EDE-F035-4084-B820-6A5ED06EE7BA}"
EndProject
Project("{9A19103F-16F7-4668-BE54-9A1E7A4F7556}") = "Client.Portal", "Client.Portal\Client.Portal.csproj", "{DF97A61B-D2A4-4F9F-8E25-E0B8F7E8AAFC}"
EndProject
Project("{9A19103F-16F7-4668-BE54-9A1E7A4F7556}") = "Client.Components", "Client.Components\Client.Components.csproj", "{A477F617-2C3F-4552-A58A-7A35EAA238BA}"
EndProject
Project("{9A19103F-16F7-4668-BE54-9A1E7A4F7556}") = "Client.Business.UI", "Client.Business.UI\Client.Business.UI.csproj", "{9250C113-6BAF-468A-BCB4-2FCB5C9C4215}"
EndProject
Project("{9A19103F-16F7-4668-BE54-9A1E7A4F7556}") = "Client.Business.Infrastructure", "Client.Business.Infrastructure\Client.Business.Infrastructure.csproj", "{F8731D1D-EAA1-4677-B450-FB220414E024}"
EndProject
Project("{9A19103F-16F7-4668-BE54-9A1E7A4F7556}") = "Client.Manager.UI", "Client.Manager.UI\Client.Manager.UI.csproj", "{4C7D6B9F-8FE1-4E35-A4BD-5A3B494978CE}"
EndProject
Project("{9A19103F-16F7-4668-BE54-9A1E7A4F7556}") = "Client.Manager.Infrastructure", "Client.Manager.Infrastructure\Client.Manager.Infrastructure.csproj", "{FA83D516-85D3-4696-B0AB-8496EED80A3F}"
EndProject
Project("{9A19103F-16F7-4668-BE54-9A1E7A4F7556}") = "Client.Market.UI", "Client.Market.UI\Client.Market.UI.csproj", "{F22DB1E0-0B05-478B-87B5-99734095862A}"
EndProject
Project("{9A19103F-16F7-4668-BE54-9A1E7A4F7556}") = "Client.Market.Infrastructure", "Client.Market.Infrastructure\Client.Market.Infrastructure.csproj", "{7E893786-83AA-42B3-9B4A-F446B05C957D}"
EndProject
Project("{9A19103F-16F7-4668-BE54-9A1E7A4F7556}") = "Client.Portal.UI", "Client.Portal.UI\Client.Portal.UI.csproj", "{37F3C2C6-D6D0-4D71-AB2A-42C065D623F9}"
EndProject
Project("{9A19103F-16F7-4668-BE54-9A1E7A4F7556}") = "Client.Portal.Infrastructure", "Client.Portal.Infrastructure\Client.Portal.Infrastructure.csproj", "{647B67E5-2566-4D36-A649-6E202DC0ACD5}"
EndProject
Project("{2150E333-8FDC-42A3-9474-1A3956D46DE8}") = "Client", "Client", "{E976573E-ADBD-4FCC-BABE-8838B8FE28F8}"
EndProject
Project("{9A19103F-16F7-4668-BE54-9A1E7A4F7556}") = "API", "API\API.csproj", "{EF6A469B-5B4E-4E65-8A5A-D528A6A02F76}"
EndProject
Project("{9A19103F-16F7-4668-BE54-9A1E7A4F7556}") = "API.Infrastructure", "API.Infrastructure\API.Infrastructure.csproj", "{BD1ACF51-734B-4F9C-A20F-E8817190CBF6}"
EndProject
Project("{9A19103F-16F7-4668-BE54-9A1E7A4F7556}") = "API.Share", "API.Share\API.Share.csproj", "{BC7271FC-88DA-456A-969D-D24A588E5F3B}"
EndProject
Project("{9A19103F-16F7-4668-BE54-9A1E7A4F7556}") = "API.SDK", "API.SDK\API.SDK.csproj", "{2394E4C4-951E-4F74-8CB0-2AAA02EAD943}"
EndProject
Project("{9A19103F-16F7-4668-BE54-9A1E7A4F7556}") = "API.SDK.Infrastructure", "API.SDK.Infrastructure\API.SDK.Infrastructure.csproj", "{C17ECB2B-62B9-406A-A147-0ABC5631A1A4}"
EndProject
Project("{2150E333-8FDC-42A3-9474-1A3956D46DE8}") = "API", "API", "{C7AEFC1F-1073-4298-B892-13C6724ECBD0}"
EndProject
Project("{2150E333-8FDC-42A3-9474-1A3956D46DE8}") = "Service", "Service", "{9103434D-4143-447E-926A-6089AD0AB499}"
EndProject
Project("{9A19103F-16F7-4668-BE54-9A1E7A4F7556}") = "Service.API", "Service.API\Service.API.csproj", "{03E99D6B-2CA8-4D93-90C8-50A64C4DFE01}"
EndProject
Project("{9A19103F-16F7-4668-BE54-9A1E7A4F7556}") = "Service.Identity", "Service.Identity\Service.Identity.csproj", "{DE859C49-B677-4F34-9607-E6E9E16FC719}"
EndProject
Project("{2150E333-8FDC-42A3-9474-1A3956D46DE8}") = "Tests", "Tests", "{ECC752B4-E8CD-4CCB-8A5D-C50429ACBCEA}"
EndProject
Project("{9A19103F-16F7-4668-BE54-9A1E7A4F7556}") = "Tests.API", "Tests.API\Tests.API.csproj", "{40463ADB-F30C-4ED8-9D15-921F529FF391}"
EndProject
Project("{9A19103F-16F7-4668-BE54-9A1E7A4F7556}") = "Tests.Share.Core", "Tests.Share.Core\Tests.Share.Core.csproj", "{78F6FB67-67C4-40C0-AF58-897A35FE216E}"
EndProject
Project("{2150E333-8FDC-42A3-9474-1A3956D46DE8}") = "Share", "Share", "{35D3E0D0-AE38-4AB2-AC71-A128A62F9DB0}"
EndProject
Project("{9A19103F-16F7-4668-BE54-9A1E7A4F7556}") = "Share.API", "Share.API\Share.API.csproj", "{01EB9865-A1D0-4029-B618-C828357AE798}"
EndProject
Project("{9A19103F-16F7-4668-BE54-9A1E7A4F7556}") = "Share.API.Infrastructure", "Share.API.Infrastructure\Share.API.Infrastructure.csproj", "{975FFAA7-D6B2-4059-8484-20ADC651DE66}"
EndProject
Project("{9A19103F-16F7-4668-BE54-9A1E7A4F7556}") = "Share.Components", "Share.Components\Share.Components.csproj", "{ABD712DA-0851-4D6A-853B-1322CF5B60CC}"
EndProject
Project("{9A19103F-16F7-4668-BE54-9A1E7A4F7556}") = "Share.Core", "Share.Core\Share.Core.csproj", "{F396B828-C4B2-4602-9CC9-C873C8AC380B}"
EndProject
Project("{9A19103F-16F7-4668-BE54-9A1E7A4F7556}") = "Share.SDK", "Share.SDK\Share.SDK.csproj", "{A299352D-EA51-460A-ACE8-F70D478A5D89}"
EndProject
Project("{9A19103F-16F7-4668-BE54-9A1E7A4F7556}") = "Share.SDK.Infrastructure", "Share.SDK.Infrastructure\Share.SDK.Infrastructure.csproj", "{1F704DC5-57BE-4DEE-B912-9EA342A7F1B2}"
EndProject
Project("{2150E333-8FDC-42A3-9474-1A3956D46DE8}") = "Business", "Business", "{FD6DF489-6C5C-4DF1-A7B7-F1AFC6C5B624}"
EndProject
Project("{2150E333-8FDC-42A3-9474-1A3956D46DE8}") = "Manager", "Manager", "{16A2125B-2F44-46ED-9771-6BE4727448C3}"
EndProject
Project("{2150E333-8FDC-42A3-9474-1A3956D46DE8}") = "Market", "Market", "{2C5214B2-9974-4D8B-B005-4B1C3EC06A88}"
EndProject
Project("{2150E333-8FDC-42A3-9474-1A3956D46DE8}") = "Portal", "Portal", "{FD1598A4-56A3-4F5F-9305-37683D2CA6E7}"
EndProject
Global
	GlobalSection(SolutionConfigurationPlatforms) = preSolution
		Debug|Any CPU = Debug|Any CPU
		Release|Any CPU = Release|Any CPU
	EndGlobalSection
	GlobalSection(ProjectConfigurationPlatforms) = postSolution
		{C577A6C6-89E0-4A0D-9982-16C53D392427}.Debug|Any CPU.ActiveCfg = Debug|Any CPU
		{C577A6C6-89E0-4A0D-9982-16C53D392427}.Debug|Any CPU.Build.0 = Debug|Any CPU
		{C577A6C6-89E0-4A0D-9982-16C53D392427}.Release|Any CPU.ActiveCfg = Release|Any CPU
		{C577A6C6-89E0-4A0D-9982-16C53D392427}.Release|Any CPU.Build.0 = Release|Any CPU
		{5BBF0198-4035-4777-BFDA-048B295D75D0}.Debug|Any CPU.ActiveCfg = Debug|Any CPU
		{5BBF0198-4035-4777-BFDA-048B295D75D0}.Debug|Any CPU.Build.0 = Debug|Any CPU
		{5BBF0198-4035-4777-BFDA-048B295D75D0}.Release|Any CPU.ActiveCfg = Release|Any CPU
		{5BBF0198-4035-4777-BFDA-048B295D75D0}.Release|Any CPU.Build.0 = Release|Any CPU
		{6FC54EDE-F035-4084-B820-6A5ED06EE7BA}.Debug|Any CPU.ActiveCfg = Debug|Any CPU
		{6FC54EDE-F035-4084-B820-6A5ED06EE7BA}.Debug|Any CPU.Build.0 = Debug|Any CPU
		{6FC54EDE-F035-4084-B820-6A5ED06EE7BA}.Release|Any CPU.ActiveCfg = Release|Any CPU
		{6FC54EDE-F035-4084-B820-6A5ED06EE7BA}.Release|Any CPU.Build.0 = Release|Any CPU
		{DF97A61B-D2A4-4F9F-8E25-E0B8F7E8AAFC}.Debug|Any CPU.ActiveCfg = Debug|Any CPU
		{DF97A61B-D2A4-4F9F-8E25-E0B8F7E8AAFC}.Debug|Any CPU.Build.0 = Debug|Any CPU
		{DF97A61B-D2A4-4F9F-8E25-E0B8F7E8AAFC}.Release|Any CPU.ActiveCfg = Release|Any CPU
		{DF97A61B-D2A4-4F9F-8E25-E0B8F7E8AAFC}.Release|Any CPU.Build.0 = Release|Any CPU
		{A477F617-2C3F-4552-A58A-7A35EAA238BA}.Debug|Any CPU.ActiveCfg = Debug|Any CPU
		{A477F617-2C3F-4552-A58A-7A35EAA238BA}.Debug|Any CPU.Build.0 = Debug|Any CPU
		{A477F617-2C3F-4552-A58A-7A35EAA238BA}.Release|Any CPU.ActiveCfg = Release|Any CPU
		{A477F617-2C3F-4552-A58A-7A35EAA238BA}.Release|Any CPU.Build.0 = Release|Any CPU
		{9250C113-6BAF-468A-BCB4-2FCB5C9C4215}.Debug|Any CPU.ActiveCfg = Debug|Any CPU
		{9250C113-6BAF-468A-BCB4-2FCB5C9C4215}.Debug|Any CPU.Build.0 = Debug|Any CPU
		{9250C113-6BAF-468A-BCB4-2FCB5C9C4215}.Release|Any CPU.ActiveCfg = Release|Any CPU
		{9250C113-6BAF-468A-BCB4-2FCB5C9C4215}.Release|Any CPU.Build.0 = Release|Any CPU
		{F8731D1D-EAA1-4677-B450-FB220414E024}.Debug|Any CPU.ActiveCfg = Debug|Any CPU
		{F8731D1D-EAA1-4677-B450-FB220414E024}.Debug|Any CPU.Build.0 = Debug|Any CPU
		{F8731D1D-EAA1-4677-B450-FB220414E024}.Release|Any CPU.ActiveCfg = Release|Any CPU
		{F8731D1D-EAA1-4677-B450-FB220414E024}.Release|Any CPU.Build.0 = Release|Any CPU
		{4C7D6B9F-8FE1-4E35-A4BD-5A3B494978CE}.Debug|Any CPU.ActiveCfg = Debug|Any CPU
		{4C7D6B9F-8FE1-4E35-A4BD-5A3B494978CE}.Debug|Any CPU.Build.0 = Debug|Any CPU
		{4C7D6B9F-8FE1-4E35-A4BD-5A3B494978CE}.Release|Any CPU.ActiveCfg = Release|Any CPU
		{4C7D6B9F-8FE1-4E35-A4BD-5A3B494978CE}.Release|Any CPU.Build.0 = Release|Any CPU
		{FA83D516-85D3-4696-B0AB-8496EED80A3F}.Debug|Any CPU.ActiveCfg = Debug|Any CPU
		{FA83D516-85D3-4696-B0AB-8496EED80A3F}.Debug|Any CPU.Build.0 = Debug|Any CPU
		{FA83D516-85D3-4696-B0AB-8496EED80A3F}.Release|Any CPU.ActiveCfg = Release|Any CPU
		{FA83D516-85D3-4696-B0AB-8496EED80A3F}.Release|Any CPU.Build.0 = Release|Any CPU
		{F22DB1E0-0B05-478B-87B5-99734095862A}.Debug|Any CPU.ActiveCfg = Debug|Any CPU
		{F22DB1E0-0B05-478B-87B5-99734095862A}.Debug|Any CPU.Build.0 = Debug|Any CPU
		{F22DB1E0-0B05-478B-87B5-99734095862A}.Release|Any CPU.ActiveCfg = Release|Any CPU
		{F22DB1E0-0B05-478B-87B5-99734095862A}.Release|Any CPU.Build.0 = Release|Any CPU
		{7E893786-83AA-42B3-9B4A-F446B05C957D}.Debug|Any CPU.ActiveCfg = Debug|Any CPU
		{7E893786-83AA-42B3-9B4A-F446B05C957D}.Debug|Any CPU.Build.0 = Debug|Any CPU
		{7E893786-83AA-42B3-9B4A-F446B05C957D}.Release|Any CPU.ActiveCfg = Release|Any CPU
		{7E893786-83AA-42B3-9B4A-F446B05C957D}.Release|Any CPU.Build.0 = Release|Any CPU
		{37F3C2C6-D6D0-4D71-AB2A-42C065D623F9}.Debug|Any CPU.ActiveCfg = Debug|Any CPU
		{37F3C2C6-D6D0-4D71-AB2A-42C065D623F9}.Debug|Any CPU.Build.0 = Debug|Any CPU
		{37F3C2C6-D6D0-4D71-AB2A-42C065D623F9}.Release|Any CPU.ActiveCfg = Release|Any CPU
		{37F3C2C6-D6D0-4D71-AB2A-42C065D623F9}.Release|Any CPU.Build.0 = Release|Any CPU
		{647B67E5-2566-4D36-A649-6E202DC0ACD5}.Debug|Any CPU.ActiveCfg = Debug|Any CPU
		{647B67E5-2566-4D36-A649-6E202DC0ACD5}.Debug|Any CPU.Build.0 = Debug|Any CPU
		{647B67E5-2566-4D36-A649-6E202DC0ACD5}.Release|Any CPU.ActiveCfg = Release|Any CPU
		{647B67E5-2566-4D36-A649-6E202DC0ACD5}.Release|Any CPU.Build.0 = Release|Any CPU
		{EF6A469B-5B4E-4E65-8A5A-D528A6A02F76}.Debug|Any CPU.ActiveCfg = Debug|Any CPU
		{EF6A469B-5B4E-4E65-8A5A-D528A6A02F76}.Debug|Any CPU.Build.0 = Debug|Any CPU
		{EF6A469B-5B4E-4E65-8A5A-D528A6A02F76}.Release|Any CPU.ActiveCfg = Release|Any CPU
		{EF6A469B-5B4E-4E65-8A5A-D528A6A02F76}.Release|Any CPU.Build.0 = Release|Any CPU
		{BD1ACF51-734B-4F9C-A20F-E8817190CBF6}.Debug|Any CPU.ActiveCfg = Debug|Any CPU
		{BD1ACF51-734B-4F9C-A20F-E8817190CBF6}.Debug|Any CPU.Build.0 = Debug|Any CPU
		{BD1ACF51-734B-4F9C-A20F-E8817190CBF6}.Release|Any CPU.ActiveCfg = Release|Any CPU
		{BD1ACF51-734B-4F9C-A20F-E8817190CBF6}.Release|Any CPU.Build.0 = Release|Any CPU
		{BC7271FC-88DA-456A-969D-D24A588E5F3B}.Debug|Any CPU.ActiveCfg = Debug|Any CPU
		{BC7271FC-88DA-456A-969D-D24A588E5F3B}.Debug|Any CPU.Build.0 = Debug|Any CPU
		{BC7271FC-88DA-456A-969D-D24A588E5F3B}.Release|Any CPU.ActiveCfg = Release|Any CPU
		{BC7271FC-88DA-456A-969D-D24A588E5F3B}.Release|Any CPU.Build.0 = Release|Any CPU
		{2394E4C4-951E-4F74-8CB0-2AAA02EAD943}.Debug|Any CPU.ActiveCfg = Debug|Any CPU
		{2394E4C4-951E-4F74-8CB0-2AAA02EAD943}.Debug|Any CPU.Build.0 = Debug|Any CPU
		{2394E4C4-951E-4F74-8CB0-2AAA02EAD943}.Release|Any CPU.ActiveCfg = Release|Any CPU
		{2394E4C4-951E-4F74-8CB0-2AAA02EAD943}.Release|Any CPU.Build.0 = Release|Any CPU
		{C17ECB2B-62B9-406A-A147-0ABC5631A1A4}.Debug|Any CPU.ActiveCfg = Debug|Any CPU
		{C17ECB2B-62B9-406A-A147-0ABC5631A1A4}.Debug|Any CPU.Build.0 = Debug|Any CPU
		{C17ECB2B-62B9-406A-A147-0ABC5631A1A4}.Release|Any CPU.ActiveCfg = Release|Any CPU
		{C17ECB2B-62B9-406A-A147-0ABC5631A1A4}.Release|Any CPU.Build.0 = Release|Any CPU
		{03E99D6B-2CA8-4D93-90C8-50A64C4DFE01}.Debug|Any CPU.ActiveCfg = Debug|Any CPU
		{03E99D6B-2CA8-4D93-90C8-50A64C4DFE01}.Debug|Any CPU.Build.0 = Debug|Any CPU
		{03E99D6B-2CA8-4D93-90C8-50A64C4DFE01}.Release|Any CPU.ActiveCfg = Release|Any CPU
		{03E99D6B-2CA8-4D93-90C8-50A64C4DFE01}.Release|Any CPU.Build.0 = Release|Any CPU
		{DE859C49-B677-4F34-9607-E6E9E16FC719}.Debug|Any CPU.ActiveCfg = Debug|Any CPU
		{DE859C49-B677-4F34-9607-E6E9E16FC719}.Debug|Any CPU.Build.0 = Debug|Any CPU
		{DE859C49-B677-4F34-9607-E6E9E16FC719}.Release|Any CPU.ActiveCfg = Release|Any CPU
		{DE859C49-B677-4F34-9607-E6E9E16FC719}.Release|Any CPU.Build.0 = Release|Any CPU
		{40463ADB-F30C-4ED8-9D15-921F529FF391}.Debug|Any CPU.ActiveCfg = Debug|Any CPU
		{40463ADB-F30C-4ED8-9D15-921F529FF391}.Debug|Any CPU.Build.0 = Debug|Any CPU
		{40463ADB-F30C-4ED8-9D15-921F529FF391}.Release|Any CPU.ActiveCfg = Release|Any CPU
		{40463ADB-F30C-4ED8-9D15-921F529FF391}.Release|Any CPU.Build.0 = Release|Any CPU
		{78F6FB67-67C4-40C0-AF58-897A35FE216E}.Debug|Any CPU.ActiveCfg = Debug|Any CPU
		{78F6FB67-67C4-40C0-AF58-897A35FE216E}.Debug|Any CPU.Build.0 = Debug|Any CPU
		{78F6FB67-67C4-40C0-AF58-897A35FE216E}.Release|Any CPU.ActiveCfg = Release|Any CPU
		{78F6FB67-67C4-40C0-AF58-897A35FE216E}.Release|Any CPU.Build.0 = Release|Any CPU
		{01EB9865-A1D0-4029-B618-C828357AE798}.Debug|Any CPU.ActiveCfg = Debug|Any CPU
		{01EB9865-A1D0-4029-B618-C828357AE798}.Debug|Any CPU.Build.0 = Debug|Any CPU
		{01EB9865-A1D0-4029-B618-C828357AE798}.Release|Any CPU.ActiveCfg = Release|Any CPU
		{01EB9865-A1D0-4029-B618-C828357AE798}.Release|Any CPU.Build.0 = Release|Any CPU
		{975FFAA7-D6B2-4059-8484-20ADC651DE66}.Debug|Any CPU.ActiveCfg = Debug|Any CPU
		{975FFAA7-D6B2-4059-8484-20ADC651DE66}.Debug|Any CPU.Build.0 = Debug|Any CPU
		{975FFAA7-D6B2-4059-8484-20ADC651DE66}.Release|Any CPU.ActiveCfg = Release|Any CPU
		{975FFAA7-D6B2-4059-8484-20ADC651DE66}.Release|Any CPU.Build.0 = Release|Any CPU
		{ABD712DA-0851-4D6A-853B-1322CF5B60CC}.Debug|Any CPU.ActiveCfg = Debug|Any CPU
		{ABD712DA-0851-4D6A-853B-1322CF5B60CC}.Debug|Any CPU.Build.0 = Debug|Any CPU
		{ABD712DA-0851-4D6A-853B-1322CF5B60CC}.Release|Any CPU.ActiveCfg = Release|Any CPU
		{ABD712DA-0851-4D6A-853B-1322CF5B60CC}.Release|Any CPU.Build.0 = Release|Any CPU
		{F396B828-C4B2-4602-9CC9-C873C8AC380B}.Debug|Any CPU.ActiveCfg = Debug|Any CPU
		{F396B828-C4B2-4602-9CC9-C873C8AC380B}.Debug|Any CPU.Build.0 = Debug|Any CPU
		{F396B828-C4B2-4602-9CC9-C873C8AC380B}.Release|Any CPU.ActiveCfg = Release|Any CPU
		{F396B828-C4B2-4602-9CC9-C873C8AC380B}.Release|Any CPU.Build.0 = Release|Any CPU
		{A299352D-EA51-460A-ACE8-F70D478A5D89}.Debug|Any CPU.ActiveCfg = Debug|Any CPU
		{A299352D-EA51-460A-ACE8-F70D478A5D89}.Debug|Any CPU.Build.0 = Debug|Any CPU
		{A299352D-EA51-460A-ACE8-F70D478A5D89}.Release|Any CPU.ActiveCfg = Release|Any CPU
		{A299352D-EA51-460A-ACE8-F70D478A5D89}.Release|Any CPU.Build.0 = Release|Any CPU
		{1F704DC5-57BE-4DEE-B912-9EA342A7F1B2}.Debug|Any CPU.ActiveCfg = Debug|Any CPU
		{1F704DC5-57BE-4DEE-B912-9EA342A7F1B2}.Debug|Any CPU.Build.0 = Debug|Any CPU
		{1F704DC5-57BE-4DEE-B912-9EA342A7F1B2}.Release|Any CPU.ActiveCfg = Release|Any CPU
		{1F704DC5-57BE-4DEE-B912-9EA342A7F1B2}.Release|Any CPU.Build.0 = Release|Any CPU
	EndGlobalSection
	GlobalSection(SolutionProperties) = preSolution
		HideSolutionNode = FALSE
	EndGlobalSection
	GlobalSection(NestedProjects) = preSolution
		{C577A6C6-89E0-4A0D-9982-16C53D392427} = {FD6DF489-6C5C-4DF1-A7B7-F1AFC6C5B624}
		{5BBF0198-4035-4777-BFDA-048B295D75D0} = {16A2125B-2F44-46ED-9771-6BE4727448C3}
		{6FC54EDE-F035-4084-B820-6A5ED06EE7BA} = {2C5214B2-9974-4D8B-B005-4B1C3EC06A88}
		{DF97A61B-D2A4-4F9F-8E25-E0B8F7E8AAFC} = {FD1598A4-56A3-4F5F-9305-37683D2CA6E7}
		{A477F617-2C3F-4552-A58A-7A35EAA238BA} = {E976573E-ADBD-4FCC-BABE-8838B8FE28F8}
		{9250C113-6BAF-468A-BCB4-2FCB5C9C4215} = {FD6DF489-6C5C-4DF1-A7B7-F1AFC6C5B624}
		{F8731D1D-EAA1-4677-B450-FB220414E024} = {FD6DF489-6C5C-4DF1-A7B7-F1AFC6C5B624}
		{4C7D6B9F-8FE1-4E35-A4BD-5A3B494978CE} = {16A2125B-2F44-46ED-9771-6BE4727448C3}
		{FA83D516-85D3-4696-B0AB-8496EED80A3F} = {16A2125B-2F44-46ED-9771-6BE4727448C3}
		{F22DB1E0-0B05-478B-87B5-99734095862A} = {2C5214B2-9974-4D8B-B005-4B1C3EC06A88}
		{7E893786-83AA-42B3-9B4A-F446B05C957D} = {2C5214B2-9974-4D8B-B005-4B1C3EC06A88}
		{37F3C2C6-D6D0-4D71-AB2A-42C065D623F9} = {FD1598A4-56A3-4F5F-9305-37683D2CA6E7}
		{647B67E5-2566-4D36-A649-6E202DC0ACD5} = {FD1598A4-56A3-4F5F-9305-37683D2CA6E7}
		{EF6A469B-5B4E-4E65-8A5A-D528A6A02F76} = {C7AEFC1F-1073-4298-B892-13C6724ECBD0}
		{BD1ACF51-734B-4F9C-A20F-E8817190CBF6} = {C7AEFC1F-1073-4298-B892-13C6724ECBD0}
		{BC7271FC-88DA-456A-969D-D24A588E5F3B} = {C7AEFC1F-1073-4298-B892-13C6724ECBD0}
		{2394E4C4-951E-4F74-8CB0-2AAA02EAD943} = {C7AEFC1F-1073-4298-B892-13C6724ECBD0}
		{C17ECB2B-62B9-406A-A147-0ABC5631A1A4} = {C7AEFC1F-1073-4298-B892-13C6724ECBD0}
		{03E99D6B-2CA8-4D93-90C8-50A64C4DFE01} = {9103434D-4143-447E-926A-6089AD0AB499}
		{DE859C49-B677-4F34-9607-E6E9E16FC719} = {9103434D-4143-447E-926A-6089AD0AB499}
		{40463ADB-F30C-4ED8-9D15-921F529FF391} = {ECC752B4-E8CD-4CCB-8A5D-C50429ACBCEA}
		{78F6FB67-67C4-40C0-AF58-897A35FE216E} = {ECC752B4-E8CD-4CCB-8A5D-C50429ACBCEA}
		{01EB9865-A1D0-4029-B618-C828357AE798} = {35D3E0D0-AE38-4AB2-AC71-A128A62F9DB0}
		{975FFAA7-D6B2-4059-8484-20ADC651DE66} = {35D3E0D0-AE38-4AB2-AC71-A128A62F9DB0}
		{ABD712DA-0851-4D6A-853B-1322CF5B60CC} = {35D3E0D0-AE38-4AB2-AC71-A128A62F9DB0}
		{F396B828-C4B2-4602-9CC9-C873C8AC380B} = {35D3E0D0-AE38-4AB2-AC71-A128A62F9DB0}
		{A299352D-EA51-460A-ACE8-F70D478A5D89} = {35D3E0D0-AE38-4AB2-AC71-A128A62F9DB0}
		{1F704DC5-57BE-4DEE-B912-9EA342A7F1B2} = {35D3E0D0-AE38-4AB2-AC71-A128A62F9DB0}
		{FD6DF489-6C5C-4DF1-A7B7-F1AFC6C5B624} = {E976573E-ADBD-4FCC-BABE-8838B8FE28F8}
		{16A2125B-2F44-46ED-9771-6BE4727448C3} = {E976573E-ADBD-4FCC-BABE-8838B8FE28F8}
		{2C5214B2-9974-4D8B-B005-4B1C3EC06A88} = {E976573E-ADBD-4FCC-BABE-8838B8FE28F8}
		{FD1598A4-56A3-4F5F-9305-37683D2CA6E7} = {E976573E-ADBD-4FCC-BABE-8838B8FE28F8}
	EndGlobalSection
	GlobalSection(ExtensibilityGlobals) = postSolution
		SolutionGuid = {2C85391F-72B1-42FC-8B5C-7FEE55AD9359}
	EndGlobalSection
EndGlobal
